// !$*UTF8*$!
{
	archiveVersion = 1;
	classes = {
	};
	objectVersion = 46;
	objects = {

/* Begin PBXBuildFile section */
		B3E7B58A1CC2AC0600A0062D /* RNCouchbaseLiteReactNativeModuleIos.m in Sources */ = {isa = PBXBuildFile; fileRef = B3E7B5891CC2AC0600A0062D /* RNCouchbaseLiteReactNativeModuleIos.m */; };
		B4913B8D276246B7007EB6A4 /* CBliteModulesExport.swift in Sources */ = {isa = PBXBuildFile; fileRef = B4913B8C276246B7007EB6A4 /* CBliteModulesExport.swift */; };
		BC114A1936AC231048AD430E /* Pods_RNCouchbaseLiteReactNativeModuleIos.framework in Frameworks */ = {isa = PBXBuildFile; fileRef = 1051EFE087497BD133D4E2F1 /* Pods_RNCouchbaseLiteReactNativeModuleIos.framework */; };
		F8F565CC275D277F004F46D3 /* Databasemanager.swift in Sources */ = {isa = PBXBuildFile; fileRef = F8F565CB275D277F004F46D3 /* Databasemanager.swift */; };
		F8F565DA275D3B00004F46D3 /* libRNCouchbaseLiteReactNativeModuleIos.a in Frameworks */ = {isa = PBXBuildFile; fileRef = 134814201AA4EA6300B7C361 /* libRNCouchbaseLiteReactNativeModuleIos.a */; };
		F8F565FD275D5BC3004F46D3 /* DatabaseResources.swift in Sources */ = {isa = PBXBuildFile; fileRef = F8F565E7275D5BC1004F46D3 /* DatabaseResources.swift */; };
		F8F565FE275D5BC3004F46D3 /* DatabaseArguments.swift in Sources */ = {isa = PBXBuildFile; fileRef = F8F565E8275D5BC1004F46D3 /* DatabaseArguments.swift */; };
		F8F56608275D5BC3004F46D3 /* DbChangeListenerResults.swift in Sources */ = {isa = PBXBuildFile; fileRef = F8F565F2275D5BC2004F46D3 /* DbChangeListenerResults.swift */; };
/* End PBXBuildFile section */

/* Begin PBXCopyFilesBuildPhase section */
		58B511D91A9E6C8500147676 /* CopyFiles */ = {
			isa = PBXCopyFilesBuildPhase;
			buildActionMask = 2147483647;
			dstPath = "include/$(PRODUCT_NAME)";
			dstSubfolderSpec = 16;
			files = (
			);
			runOnlyForDeploymentPostprocessing = 0;
		};
/* End PBXCopyFilesBuildPhase section */

/* Begin PBXFileReference section */
		0149C388578C7E8405D57434 /* Pods-RNCouchbaseLiteReactNativeModuleIos.release.xcconfig */ = {isa = PBXFileReference; includeInIndex = 1; lastKnownFileType = text.xcconfig; name = "Pods-RNCouchbaseLiteReactNativeModuleIos.release.xcconfig"; path = "Target Support Files/Pods-RNCouchbaseLiteReactNativeModuleIos/Pods-RNCouchbaseLiteReactNativeModuleIos.release.xcconfig"; sourceTree = "<group>"; };
		1051EFE087497BD133D4E2F1 /* Pods_RNCouchbaseLiteReactNativeModuleIos.framework */ = {isa = PBXFileReference; explicitFileType = wrapper.framework; includeInIndex = 0; path = Pods_RNCouchbaseLiteReactNativeModuleIos.framework; sourceTree = BUILT_PRODUCTS_DIR; };
		134814201AA4EA6300B7C361 /* libRNCouchbaseLiteReactNativeModuleIos.a */ = {isa = PBXFileReference; explicitFileType = archive.ar; includeInIndex = 0; path = libRNCouchbaseLiteReactNativeModuleIos.a; sourceTree = BUILT_PRODUCTS_DIR; };
		B3E7B5881CC2AC0600A0062D /* RNCouchbaseLiteReactNativeModuleIos.h */ = {isa = PBXFileReference; fileEncoding = 4; lastKnownFileType = sourcecode.c.h; path = RNCouchbaseLiteReactNativeModuleIos.h; sourceTree = "<group>"; };
		B3E7B5891CC2AC0600A0062D /* RNCouchbaseLiteReactNativeModuleIos.m */ = {isa = PBXFileReference; fileEncoding = 4; lastKnownFileType = sourcecode.c.objc; path = RNCouchbaseLiteReactNativeModuleIos.m; sourceTree = "<group>"; };
		B4913B8C276246B7007EB6A4 /* CBliteModulesExport.swift */ = {isa = PBXFileReference; lastKnownFileType = sourcecode.swift; path = CBliteModulesExport.swift; sourceTree = "<group>"; };
		ECAEF787DF92B92E7677A695 /* Pods-RNCouchbaseLiteReactNativeModuleIos.debug.xcconfig */ = {isa = PBXFileReference; includeInIndex = 1; lastKnownFileType = text.xcconfig; name = "Pods-RNCouchbaseLiteReactNativeModuleIos.debug.xcconfig"; path = "Target Support Files/Pods-RNCouchbaseLiteReactNativeModuleIos/Pods-RNCouchbaseLiteReactNativeModuleIos.debug.xcconfig"; sourceTree = "<group>"; };
		F8F565CA275D277F004F46D3 /* RNCouchbaseLiteReactNativeModuleIos-Bridging-Header.h */ = {isa = PBXFileReference; lastKnownFileType = sourcecode.c.h; path = "RNCouchbaseLiteReactNativeModuleIos-Bridging-Header.h"; sourceTree = "<group>"; };
		F8F565CB275D277F004F46D3 /* Databasemanager.swift */ = {isa = PBXFileReference; lastKnownFileType = sourcecode.swift; path = Databasemanager.swift; sourceTree = "<group>"; };
		F8F565E7275D5BC1004F46D3 /* DatabaseResources.swift */ = {isa = PBXFileReference; fileEncoding = 4; lastKnownFileType = sourcecode.swift; path = DatabaseResources.swift; sourceTree = "<group>"; };
		F8F565E8275D5BC1004F46D3 /* DatabaseArguments.swift */ = {isa = PBXFileReference; fileEncoding = 4; lastKnownFileType = sourcecode.swift; path = DatabaseArguments.swift; sourceTree = "<group>"; };
		F8F565F2275D5BC2004F46D3 /* DbChangeListenerResults.swift */ = {isa = PBXFileReference; fileEncoding = 4; lastKnownFileType = sourcecode.swift; path = DbChangeListenerResults.swift; sourceTree = "<group>"; };
/* End PBXFileReference section */

/* Begin PBXFrameworksBuildPhase section */
		58B511D81A9E6C8500147676 /* Frameworks */ = {
			isa = PBXFrameworksBuildPhase;
			buildActionMask = 2147483647;
			files = (
				F8F565DA275D3B00004F46D3 /* libRNCouchbaseLiteReactNativeModuleIos.a in Frameworks */,
				BC114A1936AC231048AD430E /* Pods_RNCouchbaseLiteReactNativeModuleIos.framework in Frameworks */,
			);
			runOnlyForDeploymentPostprocessing = 0;
		};
/* End PBXFrameworksBuildPhase section */

/* Begin PBXGroup section */
		134814211AA4EA7D00B7C361 /* Products */ = {
			isa = PBXGroup;
			children = (
				134814201AA4EA6300B7C361 /* libRNCouchbaseLiteReactNativeModuleIos.a */,
			);
			name = Products;
			sourceTree = "<group>";
		};
		3A14125E3256B9307392F1A7 /* Frameworks */ = {
			isa = PBXGroup;
			children = (
				1051EFE087497BD133D4E2F1 /* Pods_RNCouchbaseLiteReactNativeModuleIos.framework */,
			);
			name = Frameworks;
			sourceTree = "<group>";
		};
		58B511D21A9E6C8500147676 = {
			isa = PBXGroup;
			children = (
				B4913B8C276246B7007EB6A4 /* CBliteModulesExport.swift */,
				F8F565E0275D5B99004F46D3 /* Files */,
				B3E7B5881CC2AC0600A0062D /* RNCouchbaseLiteReactNativeModuleIos.h */,
				B3E7B5891CC2AC0600A0062D /* RNCouchbaseLiteReactNativeModuleIos.m */,
				F8F565CB275D277F004F46D3 /* Databasemanager.swift */,
				134814211AA4EA7D00B7C361 /* Products */,
				E8DC49A4AC26019715A130F7 /* Pods */,
				3A14125E3256B9307392F1A7 /* Frameworks */,
				F8F565CA275D277F004F46D3 /* RNCouchbaseLiteReactNativeModuleIos-Bridging-Header.h */,
			);
			sourceTree = "<group>";
		};
		E8DC49A4AC26019715A130F7 /* Pods */ = {
			isa = PBXGroup;
			children = (
				ECAEF787DF92B92E7677A695 /* Pods-RNCouchbaseLiteReactNativeModuleIos.debug.xcconfig */,
				0149C388578C7E8405D57434 /* Pods-RNCouchbaseLiteReactNativeModuleIos.release.xcconfig */,
			);
			path = Pods;
			sourceTree = "<group>";
		};
		F8F565E0275D5B99004F46D3 /* Files */ = {
			isa = PBXGroup;
			children = (
				F8F565E8275D5BC1004F46D3 /* DatabaseArguments.swift */,
				F8F565E7275D5BC1004F46D3 /* DatabaseResources.swift */,
				F8F565F2275D5BC2004F46D3 /* DbChangeListenerResults.swift */,
			);
			path = Files;
			sourceTree = "<group>";
		};
/* End PBXGroup section */

/* Begin PBXNativeTarget section */
		58B511DA1A9E6C8500147676 /* RNCouchbaseLiteReactNativeModuleIos */ = {
			isa = PBXNativeTarget;
			buildConfigurationList = 58B511EF1A9E6C8500147676 /* Build configuration list for PBXNativeTarget "RNCouchbaseLiteReactNativeModuleIos" */;
			buildPhases = (
				4DB77542188A4EEB54B913F9 /* [CP] Check Pods Manifest.lock */,
				58B511D71A9E6C8500147676 /* Sources */,
				58B511D81A9E6C8500147676 /* Frameworks */,
				58B511D91A9E6C8500147676 /* CopyFiles */,
			);
			buildRules = (
			);
			dependencies = (
			);
			name = RNCouchbaseLiteReactNativeModuleIos;
			productName = RCTDataManager;
			productReference = 134814201AA4EA6300B7C361 /* libRNCouchbaseLiteReactNativeModuleIos.a */;
			productType = "com.apple.product-type.library.static";
		};
/* End PBXNativeTarget section */

/* Begin PBXProject section */
		58B511D31A9E6C8500147676 /* Project object */ = {
			isa = PBXProject;
			attributes = {
				LastUpgradeCheck = 0830;
				ORGANIZATIONNAME = Facebook;
				TargetAttributes = {
					58B511DA1A9E6C8500147676 = {
						CreatedOnToolsVersion = 6.1.1;
						LastSwiftMigration = 1240;
					};
				};
			};
			buildConfigurationList = 58B511D61A9E6C8500147676 /* Build configuration list for PBXProject "RNCouchbaseLiteReactNativeModuleIos" */;
			compatibilityVersion = "Xcode 3.2";
			developmentRegion = English;
			hasScannedForEncodings = 0;
			knownRegions = (
				English,
				en,
			);
			mainGroup = 58B511D21A9E6C8500147676;
			productRefGroup = 58B511D21A9E6C8500147676;
			projectDirPath = "";
			projectRoot = "";
			targets = (
				58B511DA1A9E6C8500147676 /* RNCouchbaseLiteReactNativeModuleIos */,
			);
		};
/* End PBXProject section */

/* Begin PBXShellScriptBuildPhase section */
		4DB77542188A4EEB54B913F9 /* [CP] Check Pods Manifest.lock */ = {
			isa = PBXShellScriptBuildPhase;
			buildActionMask = 2147483647;
			files = (
			);
			inputFileListPaths = (
			);
			inputPaths = (
				"${PODS_PODFILE_DIR_PATH}/Podfile.lock",
				"${PODS_ROOT}/Manifest.lock",
			);
			name = "[CP] Check Pods Manifest.lock";
			outputFileListPaths = (
			);
			outputPaths = (
				"$(DERIVED_FILE_DIR)/Pods-RNCouchbaseLiteReactNativeModuleIos-checkManifestLockResult.txt",
			);
			runOnlyForDeploymentPostprocessing = 0;
			shellPath = /bin/sh;
			shellScript = "diff \"${PODS_PODFILE_DIR_PATH}/Podfile.lock\" \"${PODS_ROOT}/Manifest.lock\" > /dev/null\nif [ $? != 0 ] ; then\n    # print error to STDERR\n    echo \"error: The sandbox is not in sync with the Podfile.lock. Run 'pod install' or update your CocoaPods installation.\" >&2\n    exit 1\nfi\n# This output is used by Xcode 'outputs' to avoid re-running this script phase.\necho \"SUCCESS\" > \"${SCRIPT_OUTPUT_FILE_0}\"\n";
			showEnvVarsInLog = 0;
		};
/* End PBXShellScriptBuildPhase section */

/* Begin PBXSourcesBuildPhase section */
		58B511D71A9E6C8500147676 /* Sources */ = {
			isa = PBXSourcesBuildPhase;
			buildActionMask = 2147483647;
			files = (
				B4913B8D276246B7007EB6A4 /* CBliteModulesExport.swift in Sources */,
				F8F565CC275D277F004F46D3 /* Databasemanager.swift in Sources */,
				F8F565FD275D5BC3004F46D3 /* DatabaseResources.swift in Sources */,
				F8F56608275D5BC3004F46D3 /* DbChangeListenerResults.swift in Sources */,
				F8F565FE275D5BC3004F46D3 /* DatabaseArguments.swift in Sources */,
				B3E7B58A1CC2AC0600A0062D /* RNCouchbaseLiteReactNativeModuleIos.m in Sources */,
			);
			runOnlyForDeploymentPostprocessing = 0;
		};
/* End PBXSourcesBuildPhase section */

/* Begin XCBuildConfiguration section */
		58B511ED1A9E6C8500147676 /* Debug */ = {
			isa = XCBuildConfiguration;
			buildSettings = {
				ALWAYS_SEARCH_USER_PATHS = NO;
				CLANG_CXX_LANGUAGE_STANDARD = "gnu++0x";
				CLANG_CXX_LIBRARY = "libc++";
				CLANG_ENABLE_MODULES = YES;
				CLANG_ENABLE_OBJC_ARC = YES;
				CLANG_WARN_BOOL_CONVERSION = YES;
				CLANG_WARN_CONSTANT_CONVERSION = YES;
				CLANG_WARN_DIRECT_OBJC_ISA_USAGE = YES_ERROR;
				CLANG_WARN_EMPTY_BODY = YES;
				CLANG_WARN_ENUM_CONVERSION = YES;
				CLANG_WARN_INFINITE_RECURSION = YES;
				CLANG_WARN_INT_CONVERSION = YES;
				CLANG_WARN_OBJC_ROOT_CLASS = YES_ERROR;
				CLANG_WARN_SUSPICIOUS_MOVE = YES;
				CLANG_WARN_UNREACHABLE_CODE = YES;
				CLANG_WARN__DUPLICATE_METHOD_MATCH = YES;
				COPY_PHASE_STRIP = NO;
				ENABLE_STRICT_OBJC_MSGSEND = YES;
				ENABLE_TESTABILITY = YES;
				GCC_C_LANGUAGE_STANDARD = gnu99;
				GCC_DYNAMIC_NO_PIC = NO;
				GCC_NO_COMMON_BLOCKS = YES;
				GCC_OPTIMIZATION_LEVEL = 0;
				GCC_PREPROCESSOR_DEFINITIONS = (
					"DEBUG=1",
					"$(inherited)",
				);
				GCC_SYMBOLS_PRIVATE_EXTERN = NO;
				GCC_WARN_64_TO_32_BIT_CONVERSION = YES;
				GCC_WARN_ABOUT_RETURN_TYPE = YES_ERROR;
				GCC_WARN_UNDECLARED_SELECTOR = YES;
				GCC_WARN_UNINITIALIZED_AUTOS = YES_AGGRESSIVE;
				GCC_WARN_UNUSED_FUNCTION = YES;
				GCC_WARN_UNUSED_VARIABLE = YES;
				IPHONEOS_DEPLOYMENT_TARGET = 13.0;
				MTL_ENABLE_DEBUG_INFO = YES;
				ONLY_ACTIVE_ARCH = YES;
				SDKROOT = iphoneos;
			};
			name = Debug;
		};
		58B511EE1A9E6C8500147676 /* Release */ = {
			isa = XCBuildConfiguration;
			buildSettings = {
				ALWAYS_SEARCH_USER_PATHS = NO;
				CLANG_CXX_LANGUAGE_STANDARD = "gnu++0x";
				CLANG_CXX_LIBRARY = "libc++";
				CLANG_ENABLE_MODULES = YES;
				CLANG_ENABLE_OBJC_ARC = YES;
				CLANG_WARN_BOOL_CONVERSION = YES;
				CLANG_WARN_CONSTANT_CONVERSION = YES;
				CLANG_WARN_DIRECT_OBJC_ISA_USAGE = YES_ERROR;
				CLANG_WARN_EMPTY_BODY = YES;
				CLANG_WARN_ENUM_CONVERSION = YES;
				CLANG_WARN_INFINITE_RECURSION = YES;
				CLANG_WARN_INT_CONVERSION = YES;
				CLANG_WARN_OBJC_ROOT_CLASS = YES_ERROR;
				CLANG_WARN_SUSPICIOUS_MOVE = YES;
				CLANG_WARN_UNREACHABLE_CODE = YES;
				CLANG_WARN__DUPLICATE_METHOD_MATCH = YES;
				COPY_PHASE_STRIP = YES;
				ENABLE_NS_ASSERTIONS = NO;
				ENABLE_STRICT_OBJC_MSGSEND = YES;
				GCC_C_LANGUAGE_STANDARD = gnu99;
				GCC_NO_COMMON_BLOCKS = YES;
				GCC_WARN_64_TO_32_BIT_CONVERSION = YES;
				GCC_WARN_ABOUT_RETURN_TYPE = YES_ERROR;
				GCC_WARN_UNDECLARED_SELECTOR = YES;
				GCC_WARN_UNINITIALIZED_AUTOS = YES_AGGRESSIVE;
				GCC_WARN_UNUSED_FUNCTION = YES;
				GCC_WARN_UNUSED_VARIABLE = YES;
				IPHONEOS_DEPLOYMENT_TARGET = 13.0;
				MTL_ENABLE_DEBUG_INFO = NO;
				SDKROOT = iphoneos;
				VALIDATE_PRODUCT = YES;
			};
			name = Release;
		};
		58B511F01A9E6C8500147676 /* Debug */ = {
			isa = XCBuildConfiguration;
			baseConfigurationReference = ECAEF787DF92B92E7677A695 /* Pods-RNCouchbaseLiteReactNativeModuleIos.debug.xcconfig */;
			buildSettings = {
				CLANG_ENABLE_MODULES = YES;
				HEADER_SEARCH_PATHS = (
					"$(inherited)",
					/Applications/Xcode.app/Contents/Developer/Toolchains/XcodeDefault.xctoolchain/usr/include,
					"$(SRCROOT)/../../../React/**",
					"$(SRCROOT)/../../react-native/React/**",
				);
				LD_RUNPATH_SEARCH_PATHS = "$(inherited) @executable_path/Frameworks @loader_path/Frameworks";
				LIBRARY_SEARCH_PATHS = "$(inherited)";
				OTHER_LDFLAGS = "-ObjC";
				PRODUCT_NAME = RNCouchbaseLiteReactNativeModuleIos;
				SKIP_INSTALL = YES;
				SWIFT_OBJC_BRIDGING_HEADER = "RNCouchbaseLiteReactNativeModuleIos-Bridging-Header.h";
				SWIFT_OPTIMIZATION_LEVEL = "-Onone";
				SWIFT_VERSION = 5.0;
			};
			name = Debug;
		};
		58B511F11A9E6C8500147676 /* Release */ = {
			isa = XCBuildConfiguration;
			baseConfigurationReference = 0149C388578C7E8405D57434 /* Pods-RNCouchbaseLiteReactNativeModuleIos.release.xcconfig */;
			buildSettings = {
				CLANG_ENABLE_MODULES = YES;
				HEADER_SEARCH_PATHS = (
					"$(inherited)",
					/Applications/Xcode.app/Contents/Developer/Toolchains/XcodeDefault.xctoolchain/usr/include,
					"$(SRCROOT)/../../../React/**",
					"$(SRCROOT)/../../react-native/React/**",
				);
				LD_RUNPATH_SEARCH_PATHS = "$(inherited) @executable_path/Frameworks @loader_path/Frameworks";
				LIBRARY_SEARCH_PATHS = "$(inherited)";
				OTHER_LDFLAGS = "-ObjC";
				PRODUCT_NAME = RNCouchbaseLiteReactNativeModuleIos;
				SKIP_INSTALL = YES;
				SWIFT_OBJC_BRIDGING_HEADER = "RNCouchbaseLiteReactNativeModuleIos-Bridging-Header.h";
				SWIFT_VERSION = 5.0;
			};
			name = Release;
		};
/* End XCBuildConfiguration section */

/* Begin XCConfigurationList section */
		58B511D61A9E6C8500147676 /* Build configuration list for PBXProject "RNCouchbaseLiteReactNativeModuleIos" */ = {
			isa = XCConfigurationList;
			buildConfigurations = (
				58B511ED1A9E6C8500147676 /* Debug */,
				58B511EE1A9E6C8500147676 /* Release */,
			);
			defaultConfigurationIsVisible = 0;
			defaultConfigurationName = Release;
		};
		58B511EF1A9E6C8500147676 /* Build configuration list for PBXNativeTarget "RNCouchbaseLiteReactNativeModuleIos" */ = {
			isa = XCConfigurationList;
			buildConfigurations = (
				58B511F01A9E6C8500147676 /* Debug */,
				58B511F11A9E6C8500147676 /* Release */,
			);
			defaultConfigurationIsVisible = 0;
			defaultConfigurationName = Release;
		};
/* End XCConfigurationList section */
	};
	rootObject = 58B511D31A9E6C8500147676 /* Project object */;
}
